
Microsoft Visual Studio Solution File, Format Version 12.00
# Visual Studio Version 17
VisualStudioVersion = 17.7.34202.233
MinimumVisualStudioVersion = 10.0.40219.1
Project("{8BC9CEB8-8B4A-11D0-8D11-00A0C91BC942}") = "Nodo, reproductor e mùsica", "Nodo, reproductor e mùsica\Nodo, reproductor e mùsica.vcxproj", "{635477C5-0575-4F2D-9102-1E9E016D99BE}"
EndProject
Global
	GlobalSection(SolutionConfigurationPlatforms) = preSolution
		Debug|x64 = Debug|x64
		Debug|x86 = Debug|x86
		Release|x64 = Release|x64
		Release|x86 = Release|x86
	EndGlobalSection
	GlobalSection(ProjectConfigurationPlatforms) = postSolution
		{635477C5-0575-4F2D-9102-1E9E016D99BE}.Debug|x64.ActiveCfg = Debug|x64
		{635477C5-0575-4F2D-9102-1E9E016D99BE}.Debug|x64.Build.0 = Debug|x64
		{635477C5-0575-4F2D-9102-1E9E016D99BE}.Debug|x86.ActiveCfg = Debug|Win32
		{635477C5-0575-4F2D-9102-1E9E016D99BE}.Debug|x86.Build.0 = Debug|Win32
		{635477C5-0575-4F2D-9102-1E9E016D99BE}.Release|x64.ActiveCfg = Release|x64
		{635477C5-0575-4F2D-9102-1E9E016D99BE}.Release|x64.Build.0 = Release|x64
		{635477C5-0575-4F2D-9102-1E9E016D99BE}.Release|x86.ActiveCfg = Release|Win32
		{635477C5-0575-4F2D-9102-1E9E016D99BE}.Release|x86.Build.0 = Release|Win32
	EndGlobalSection
	GlobalSection(SolutionProperties) = preSolution
		HideSolutionNode = FALSE
	EndGlobalSection
	GlobalSection(ExtensibilityGlobals) = postSolution
		SolutionGuid = {F7B2A319-914F-417D-B67C-B0C35D2390B0}
	EndGlobalSection
EndGlobal
